
Microsoft Visual Studio Solution File, Format Version 12.00
# Visual Studio Version 17
VisualStudioVersion = 17.4.33110.190
MinimumVisualStudioVersion = 10.0.40219.1
Project("{FAE04EC0-301F-11D3-BF4B-00C04F79EFBC}") = "WPFBasic", "WPFBasic\WPFBasic.csproj", "{F5BACBF5-084D-447F-910B-B9A3155C767D}"
EndProject
Global
	GlobalSection(SolutionConfigurationPlatforms) = preSolution
		Debug|Any CPU = Debug|Any CPU
		Release|Any CPU = Release|Any CPU
	EndGlobalSection
	GlobalSection(ProjectConfigurationPlatforms) = postSolution
		{F5BACBF5-084D-447F-910B-B9A3155C767D}.Debug|Any CPU.ActiveCfg = Debug|Any CPU
		{F5BACBF5-084D-447F-910B-B9A3155C767D}.Debug|Any CPU.Build.0 = Debug|Any CPU
		{F5BACBF5-084D-447F-910B-B9A3155C767D}.Release|Any CPU.ActiveCfg = Release|Any CPU
		{F5BACBF5-084D-447F-910B-B9A3155C767D}.Release|Any CPU.Build.0 = Release|Any CPU
	EndGlobalSection
	GlobalSection(SolutionProperties) = preSolution
		HideSolutionNode = FALSE
	EndGlobalSection
	GlobalSection(ExtensibilityGlobals) = postSolution
		SolutionGuid = {F530DC6F-3C4D-449C-8143-705A5C9D7DBB}
	EndGlobalSection
EndGlobal
